
Microsoft Visual Studio Solution File, Format Version 12.00
# Visual Studio 14
VisualStudioVersion = 14.0.23107.0
MinimumVisualStudioVersion = 10.0.40219.1
Project("{2150E333-8FDC-42A3-9474-1A3956D46DE8}") = "Data", "Data", "{7AEB1172-689A-4173-A29C-353FB98957D7}"
EndProject
Project("{FAE04EC0-301F-11D3-BF4B-00C04F79EFBC}") = "ViaYou.Data", "Data\ViaYou.Data\ViaYou.Data.csproj", "{69FDF8CF-C06D-4150-B2D9-EE42E812A15F}"
EndProject
Project("{FAE04EC0-301F-11D3-BF4B-00C04F79EFBC}") = "ViaYou.Services", "Services\ViaYou.Services\ViaYou.Services.csproj", "{D9CE3893-6F9B-4E63-A40B-1CE10442D3B2}"
EndProject
Project("{2150E333-8FDC-42A3-9474-1A3956D46DE8}") = "Services", "Services", "{278918BC-1B62-4E4A-B6A0-485B045D48AE}"
EndProject
Project("{FAE04EC0-301F-11D3-BF4B-00C04F79EFBC}") = "ViaYou.Adapters", "Services\ViaYou.Adapters\ViaYou.Adapters.csproj", "{5935870F-2C4F-4B4C-82DE-2743349A56E9}"
EndProject
Project("{2150E333-8FDC-42A3-9474-1A3956D46DE8}") = "Domain", "Domain", "{C9462EBC-24D4-41D6-BAC3-9B1635B0ACD4}"
EndProject
Project("{FAE04EC0-301F-11D3-BF4B-00C04F79EFBC}") = "ViaYou.Domain", "Domain\ViaYou.Domain\ViaYou.Domain.csproj", "{96BB8A86-53FC-48A6-ABC2-D698AEEECBDB}"
EndProject
Project("{2150E333-8FDC-42A3-9474-1A3956D46DE8}") = "Tests", "Tests", "{0B6B8D11-15B5-4599-923B-F81863E39C63}"
EndProject
Project("{FAE04EC0-301F-11D3-BF4B-00C04F79EFBC}") = "ViaYou.Tests", "ViaYou.Tests\ViaYou.Tests.csproj", "{EF99EA76-6CE7-420B-8283-A6149C66880A}"
EndProject
Project("{2150E333-8FDC-42A3-9474-1A3956D46DE8}") = "UI", "UI", "{52207F11-14B5-4650-8313-EB415AA7CFAB}"
EndProject
Project("{FAE04EC0-301F-11D3-BF4B-00C04F79EFBC}") = "ViaYou.Web", "UI\ViaYou.Web\ViaYou.Web.csproj", "{3E856E33-1875-462D-A9CE-AE39F9FF7F21}"
EndProject
Project("{2150E333-8FDC-42A3-9474-1A3956D46DE8}") = "Infraestructure", "Infraestructure", "{3A7ACA56-0C65-4CCB-91D1-DE8CCE627BA8}"
EndProject
Project("{FAE04EC0-301F-11D3-BF4B-00C04F79EFBC}") = "ViaYou.Infraestructure", "Infraestructure\ViaYou.Infraestructure\ViaYou.Infraestructure.csproj", "{F8D638EC-7EA6-4125-9001-659516651C61}"
EndProject
Global
	GlobalSection(SolutionConfigurationPlatforms) = preSolution
		Debug|Any CPU = Debug|Any CPU
		Release|Any CPU = Release|Any CPU
	EndGlobalSection
	GlobalSection(ProjectConfigurationPlatforms) = postSolution
		{69FDF8CF-C06D-4150-B2D9-EE42E812A15F}.Debug|Any CPU.ActiveCfg = Debug|Any CPU
		{69FDF8CF-C06D-4150-B2D9-EE42E812A15F}.Debug|Any CPU.Build.0 = Debug|Any CPU
		{69FDF8CF-C06D-4150-B2D9-EE42E812A15F}.Release|Any CPU.ActiveCfg = Release|Any CPU
		{69FDF8CF-C06D-4150-B2D9-EE42E812A15F}.Release|Any CPU.Build.0 = Release|Any CPU
		{D9CE3893-6F9B-4E63-A40B-1CE10442D3B2}.Debug|Any CPU.ActiveCfg = Debug|Any CPU
		{D9CE3893-6F9B-4E63-A40B-1CE10442D3B2}.Debug|Any CPU.Build.0 = Debug|Any CPU
		{D9CE3893-6F9B-4E63-A40B-1CE10442D3B2}.Release|Any CPU.ActiveCfg = Release|Any CPU
		{D9CE3893-6F9B-4E63-A40B-1CE10442D3B2}.Release|Any CPU.Build.0 = Release|Any CPU
		{5935870F-2C4F-4B4C-82DE-2743349A56E9}.Debug|Any CPU.ActiveCfg = Debug|Any CPU
		{5935870F-2C4F-4B4C-82DE-2743349A56E9}.Debug|Any CPU.Build.0 = Debug|Any CPU
		{5935870F-2C4F-4B4C-82DE-2743349A56E9}.Release|Any CPU.ActiveCfg = Release|Any CPU
		{5935870F-2C4F-4B4C-82DE-2743349A56E9}.Release|Any CPU.Build.0 = Release|Any CPU
		{96BB8A86-53FC-48A6-ABC2-D698AEEECBDB}.Debug|Any CPU.ActiveCfg = Debug|Any CPU
		{96BB8A86-53FC-48A6-ABC2-D698AEEECBDB}.Debug|Any CPU.Build.0 = Debug|Any CPU
		{96BB8A86-53FC-48A6-ABC2-D698AEEECBDB}.Release|Any CPU.ActiveCfg = Release|Any CPU
		{96BB8A86-53FC-48A6-ABC2-D698AEEECBDB}.Release|Any CPU.Build.0 = Release|Any CPU
		{EF99EA76-6CE7-420B-8283-A6149C66880A}.Debug|Any CPU.ActiveCfg = Debug|Any CPU
		{EF99EA76-6CE7-420B-8283-A6149C66880A}.Debug|Any CPU.Build.0 = Debug|Any CPU
		{EF99EA76-6CE7-420B-8283-A6149C66880A}.Release|Any CPU.ActiveCfg = Release|Any CPU
		{EF99EA76-6CE7-420B-8283-A6149C66880A}.Release|Any CPU.Build.0 = Release|Any CPU
		{3E856E33-1875-462D-A9CE-AE39F9FF7F21}.Debug|Any CPU.ActiveCfg = Debug|Any CPU
		{3E856E33-1875-462D-A9CE-AE39F9FF7F21}.Debug|Any CPU.Build.0 = Debug|Any CPU
		{3E856E33-1875-462D-A9CE-AE39F9FF7F21}.Release|Any CPU.ActiveCfg = Release|Any CPU
		{3E856E33-1875-462D-A9CE-AE39F9FF7F21}.Release|Any CPU.Build.0 = Release|Any CPU
		{F8D638EC-7EA6-4125-9001-659516651C61}.Debug|Any CPU.ActiveCfg = Debug|Any CPU
		{F8D638EC-7EA6-4125-9001-659516651C61}.Debug|Any CPU.Build.0 = Debug|Any CPU
		{F8D638EC-7EA6-4125-9001-659516651C61}.Release|Any CPU.ActiveCfg = Release|Any CPU
		{F8D638EC-7EA6-4125-9001-659516651C61}.Release|Any CPU.Build.0 = Release|Any CPU
	EndGlobalSection
	GlobalSection(SolutionProperties) = preSolution
		HideSolutionNode = FALSE
	EndGlobalSection
	GlobalSection(NestedProjects) = preSolution
		{69FDF8CF-C06D-4150-B2D9-EE42E812A15F} = {7AEB1172-689A-4173-A29C-353FB98957D7}
		{D9CE3893-6F9B-4E63-A40B-1CE10442D3B2} = {278918BC-1B62-4E4A-B6A0-485B045D48AE}
		{5935870F-2C4F-4B4C-82DE-2743349A56E9} = {278918BC-1B62-4E4A-B6A0-485B045D48AE}
		{96BB8A86-53FC-48A6-ABC2-D698AEEECBDB} = {C9462EBC-24D4-41D6-BAC3-9B1635B0ACD4}
		{EF99EA76-6CE7-420B-8283-A6149C66880A} = {0B6B8D11-15B5-4599-923B-F81863E39C63}
		{3E856E33-1875-462D-A9CE-AE39F9FF7F21} = {52207F11-14B5-4650-8313-EB415AA7CFAB}
		{F8D638EC-7EA6-4125-9001-659516651C61} = {3A7ACA56-0C65-4CCB-91D1-DE8CCE627BA8}
	EndGlobalSection
EndGlobal
